// !$*UTF8*$!
{
	archiveVersion = 1;
	classes = {
	};
	objectVersion = 50;
	objects = {

/* Begin PBXBuildFile section */
		0552178AA304AF4CE048E88D /* Pods_JapaneseCourses.framework in Frameworks */ = {isa = PBXBuildFile; fileRef = 55662FC8F9FA0F509B8E8555 /* Pods_JapaneseCourses.framework */; };
		F1000C91223A3A0600778014 /* CourseTableViewCell.swift in Sources */ = {isa = PBXBuildFile; fileRef = F1000C90223A3A0600778014 /* CourseTableViewCell.swift */; };
		F1000C93223A3AEF00778014 /* CourseTableViewCell.xib in Resources */ = {isa = PBXBuildFile; fileRef = F1000C92223A3AEF00778014 /* CourseTableViewCell.xib */; };
		F1000C96223A4CD200778014 /* CourseViewModel.swift in Sources */ = {isa = PBXBuildFile; fileRef = F1000C95223A4CD200778014 /* CourseViewModel.swift */; };
		F1000C99223B8C5800778014 /* Hiragana.json in Resources */ = {isa = PBXBuildFile; fileRef = F1000C98223B8C5700778014 /* Hiragana.json */; };
		F1000C9B223B8C6100778014 /* Katakana.json in Resources */ = {isa = PBXBuildFile; fileRef = F1000C9A223B8C6100778014 /* Katakana.json */; };
		F1000CA8223B966A00778014 /* AlphabetListViewController.swift in Sources */ = {isa = PBXBuildFile; fileRef = F1000CA7223B966A00778014 /* AlphabetListViewController.swift */; };
		F1000CAA223B9C7C00778014 /* AlphabetModel.swift in Sources */ = {isa = PBXBuildFile; fileRef = F1000CA9223B9C7C00778014 /* AlphabetModel.swift */; };
		F1000CAD223B9DAD00778014 /* AlphabetCollectionViewCell.swift in Sources */ = {isa = PBXBuildFile; fileRef = F1000CAC223B9DAD00778014 /* AlphabetCollectionViewCell.swift */; };
		F1000CAF223BA31700778014 /* AlphabetCollectionViewCell.xib in Resources */ = {isa = PBXBuildFile; fileRef = F1000CAE223BA31700778014 /* AlphabetCollectionViewCell.xib */; };
		F106FE54223F9A8300AF569A /* CrosswordPuzzleViewController.swift in Sources */ = {isa = PBXBuildFile; fileRef = F106FE53223F9A8300AF569A /* CrosswordPuzzleViewController.swift */; };
		F106FE56223F9D1900AF569A /* CrosswordBlackCollectionViewCell.swift in Sources */ = {isa = PBXBuildFile; fileRef = F106FE55223F9D1900AF569A /* CrosswordBlackCollectionViewCell.swift */; };
		F106FE58223F9D6900AF569A /* CrosswordTextCollectionViewCell.swift in Sources */ = {isa = PBXBuildFile; fileRef = F106FE57223F9D6900AF569A /* CrosswordTextCollectionViewCell.swift */; };
		F106FE5A223F9D7100AF569A /* CrosswordBlackCollectionViewCell.xib in Resources */ = {isa = PBXBuildFile; fileRef = F106FE59223F9D7100AF569A /* CrosswordBlackCollectionViewCell.xib */; };
		F106FE5C223F9D8000AF569A /* CrosswordTextCollectionViewCell.xib in Resources */ = {isa = PBXBuildFile; fileRef = F106FE5B223F9D8000AF569A /* CrosswordTextCollectionViewCell.xib */; };
		F106FE5E2240844100AF569A /* CourseViewControllerViewModel.swift in Sources */ = {isa = PBXBuildFile; fileRef = F106FE5D2240844100AF569A /* CourseViewControllerViewModel.swift */; };
		F11120DC2244D58800CCE1F3 /* AlphabetListViewControllerViewModel.swift in Sources */ = {isa = PBXBuildFile; fileRef = F11120DB2244D58800CCE1F3 /* AlphabetListViewControllerViewModel.swift */; };
		F11120DE2244DEC700CCE1F3 /* VocabListViewController.swift in Sources */ = {isa = PBXBuildFile; fileRef = F11120DD2244DEC700CCE1F3 /* VocabListViewController.swift */; };
		F11120E02244DEDF00CCE1F3 /* VocabListViewControllerViewModel.swift in Sources */ = {isa = PBXBuildFile; fileRef = F11120DF2244DEDF00CCE1F3 /* VocabListViewControllerViewModel.swift */; };
		F11120E22244DEFE00CCE1F3 /* VocabModel.swift in Sources */ = {isa = PBXBuildFile; fileRef = F11120E12244DEFE00CCE1F3 /* VocabModel.swift */; };
		F1C088142238A92200CA9555 /* AppDelegate.swift in Sources */ = {isa = PBXBuildFile; fileRef = F1C088132238A92200CA9555 /* AppDelegate.swift */; };
		F1C088192238A92200CA9555 /* Main.storyboard in Resources */ = {isa = PBXBuildFile; fileRef = F1C088172238A92200CA9555 /* Main.storyboard */; };
		F1C0881B2238A92300CA9555 /* Assets.xcassets in Resources */ = {isa = PBXBuildFile; fileRef = F1C0881A2238A92300CA9555 /* Assets.xcassets */; };
		F1C0881E2238A92300CA9555 /* LaunchScreen.storyboard in Resources */ = {isa = PBXBuildFile; fileRef = F1C0881C2238A92300CA9555 /* LaunchScreen.storyboard */; };
		F1C088292238A92300CA9555 /* JapaneseCoursesTests.swift in Sources */ = {isa = PBXBuildFile; fileRef = F1C088282238A92300CA9555 /* JapaneseCoursesTests.swift */; };
		F1C088342238A92300CA9555 /* JapaneseCoursesUITests.swift in Sources */ = {isa = PBXBuildFile; fileRef = F1C088332238A92300CA9555 /* JapaneseCoursesUITests.swift */; };
		F1C088502239092A00CA9555 /* CourseModel.swift in Sources */ = {isa = PBXBuildFile; fileRef = F1C0884F2239092A00CA9555 /* CourseModel.swift */; };
		F1CC586622422C090026616D /* Coordinator.swift in Sources */ = {isa = PBXBuildFile; fileRef = F1CC586522422C080026616D /* Coordinator.swift */; };
		F1CC586822422F710026616D /* ApplicationCoordinator.swift in Sources */ = {isa = PBXBuildFile; fileRef = F1CC586722422F710026616D /* ApplicationCoordinator.swift */; };
		F1CC586A224234BE0026616D /* CourseListCoordinator.swift in Sources */ = {isa = PBXBuildFile; fileRef = F1CC5869224234BE0026616D /* CourseListCoordinator.swift */; };
		F1CC586C22423AF60026616D /* CourseListViewController.swift in Sources */ = {isa = PBXBuildFile; fileRef = F1CC586B22423AF60026616D /* CourseListViewController.swift */; };
		F1CC586E22423DBD0026616D /* AlphabetListCoordinator.swift in Sources */ = {isa = PBXBuildFile; fileRef = F1CC586D22423DBD0026616D /* AlphabetListCoordinator.swift */; };
/* End PBXBuildFile section */

/* Begin PBXContainerItemProxy section */
		F1C088252238A92300CA9555 /* PBXContainerItemProxy */ = {
			isa = PBXContainerItemProxy;
			containerPortal = F1C088082238A92200CA9555 /* Project object */;
			proxyType = 1;
			remoteGlobalIDString = F1C0880F2238A92200CA9555;
			remoteInfo = JapaneseCourses;
		};
		F1C088302238A92300CA9555 /* PBXContainerItemProxy */ = {
			isa = PBXContainerItemProxy;
			containerPortal = F1C088082238A92200CA9555 /* Project object */;
			proxyType = 1;
			remoteGlobalIDString = F1C0880F2238A92200CA9555;
			remoteInfo = JapaneseCourses;
		};
/* End PBXContainerItemProxy section */

/* Begin PBXFileReference section */
		37012F9926CBBA95051394D8 /* Pods-JapaneseCourses.debug.xcconfig */ = {isa = PBXFileReference; includeInIndex = 1; lastKnownFileType = text.xcconfig; name = "Pods-JapaneseCourses.debug.xcconfig"; path = "Pods/Target Support Files/Pods-JapaneseCourses/Pods-JapaneseCourses.debug.xcconfig"; sourceTree = "<group>"; };
		55662FC8F9FA0F509B8E8555 /* Pods_JapaneseCourses.framework */ = {isa = PBXFileReference; explicitFileType = wrapper.framework; includeInIndex = 0; path = Pods_JapaneseCourses.framework; sourceTree = BUILT_PRODUCTS_DIR; };
		9FC92D53F49F9B3E86C94012 /* Pods-JapaneseCourses.release.xcconfig */ = {isa = PBXFileReference; includeInIndex = 1; lastKnownFileType = text.xcconfig; name = "Pods-JapaneseCourses.release.xcconfig"; path = "Pods/Target Support Files/Pods-JapaneseCourses/Pods-JapaneseCourses.release.xcconfig"; sourceTree = "<group>"; };
		F1000C90223A3A0600778014 /* CourseTableViewCell.swift */ = {isa = PBXFileReference; lastKnownFileType = sourcecode.swift; path = CourseTableViewCell.swift; sourceTree = "<group>"; };
		F1000C92223A3AEF00778014 /* CourseTableViewCell.xib */ = {isa = PBXFileReference; lastKnownFileType = file.xib; path = CourseTableViewCell.xib; sourceTree = "<group>"; };
		F1000C95223A4CD200778014 /* CourseViewModel.swift */ = {isa = PBXFileReference; lastKnownFileType = sourcecode.swift; path = CourseViewModel.swift; sourceTree = "<group>"; };
		F1000C98223B8C5700778014 /* Hiragana.json */ = {isa = PBXFileReference; fileEncoding = 4; lastKnownFileType = text.json; path = Hiragana.json; sourceTree = "<group>"; };
		F1000C9A223B8C6100778014 /* Katakana.json */ = {isa = PBXFileReference; fileEncoding = 4; lastKnownFileType = text.json; path = Katakana.json; sourceTree = "<group>"; };
		F1000CA7223B966A00778014 /* AlphabetListViewController.swift */ = {isa = PBXFileReference; lastKnownFileType = sourcecode.swift; path = AlphabetListViewController.swift; sourceTree = "<group>"; };
		F1000CA9223B9C7C00778014 /* AlphabetModel.swift */ = {isa = PBXFileReference; lastKnownFileType = sourcecode.swift; path = AlphabetModel.swift; sourceTree = "<group>"; };
		F1000CAC223B9DAD00778014 /* AlphabetCollectionViewCell.swift */ = {isa = PBXFileReference; lastKnownFileType = sourcecode.swift; path = AlphabetCollectionViewCell.swift; sourceTree = "<group>"; };
		F1000CAE223BA31700778014 /* AlphabetCollectionViewCell.xib */ = {isa = PBXFileReference; lastKnownFileType = file.xib; path = AlphabetCollectionViewCell.xib; sourceTree = "<group>"; };
		F106FE53223F9A8300AF569A /* CrosswordPuzzleViewController.swift */ = {isa = PBXFileReference; lastKnownFileType = sourcecode.swift; path = CrosswordPuzzleViewController.swift; sourceTree = "<group>"; };
		F106FE55223F9D1900AF569A /* CrosswordBlackCollectionViewCell.swift */ = {isa = PBXFileReference; lastKnownFileType = sourcecode.swift; path = CrosswordBlackCollectionViewCell.swift; sourceTree = "<group>"; };
		F106FE57223F9D6900AF569A /* CrosswordTextCollectionViewCell.swift */ = {isa = PBXFileReference; lastKnownFileType = sourcecode.swift; path = CrosswordTextCollectionViewCell.swift; sourceTree = "<group>"; };
		F106FE59223F9D7100AF569A /* CrosswordBlackCollectionViewCell.xib */ = {isa = PBXFileReference; lastKnownFileType = file.xib; path = CrosswordBlackCollectionViewCell.xib; sourceTree = "<group>"; };
		F106FE5B223F9D8000AF569A /* CrosswordTextCollectionViewCell.xib */ = {isa = PBXFileReference; lastKnownFileType = file.xib; path = CrosswordTextCollectionViewCell.xib; sourceTree = "<group>"; };
		F106FE5D2240844100AF569A /* CourseViewControllerViewModel.swift */ = {isa = PBXFileReference; lastKnownFileType = sourcecode.swift; path = CourseViewControllerViewModel.swift; sourceTree = "<group>"; };
		F11120DB2244D58800CCE1F3 /* AlphabetListViewControllerViewModel.swift */ = {isa = PBXFileReference; lastKnownFileType = sourcecode.swift; path = AlphabetListViewControllerViewModel.swift; sourceTree = "<group>"; };
		F11120DD2244DEC700CCE1F3 /* VocabListViewController.swift */ = {isa = PBXFileReference; lastKnownFileType = sourcecode.swift; path = VocabListViewController.swift; sourceTree = "<group>"; };
		F11120DF2244DEDF00CCE1F3 /* VocabListViewControllerViewModel.swift */ = {isa = PBXFileReference; lastKnownFileType = sourcecode.swift; path = VocabListViewControllerViewModel.swift; sourceTree = "<group>"; };
		F11120E12244DEFE00CCE1F3 /* VocabModel.swift */ = {isa = PBXFileReference; lastKnownFileType = sourcecode.swift; path = VocabModel.swift; sourceTree = "<group>"; };
		F1C088102238A92200CA9555 /* JapaneseCourses.app */ = {isa = PBXFileReference; explicitFileType = wrapper.application; includeInIndex = 0; path = JapaneseCourses.app; sourceTree = BUILT_PRODUCTS_DIR; };
		F1C088132238A92200CA9555 /* AppDelegate.swift */ = {isa = PBXFileReference; lastKnownFileType = sourcecode.swift; path = AppDelegate.swift; sourceTree = "<group>"; };
		F1C088182238A92200CA9555 /* Base */ = {isa = PBXFileReference; lastKnownFileType = file.storyboard; name = Base; path = Base.lproj/Main.storyboard; sourceTree = "<group>"; };
		F1C0881A2238A92300CA9555 /* Assets.xcassets */ = {isa = PBXFileReference; lastKnownFileType = folder.assetcatalog; path = Assets.xcassets; sourceTree = "<group>"; };
		F1C0881D2238A92300CA9555 /* Base */ = {isa = PBXFileReference; lastKnownFileType = file.storyboard; name = Base; path = Base.lproj/LaunchScreen.storyboard; sourceTree = "<group>"; };
		F1C0881F2238A92300CA9555 /* Info.plist */ = {isa = PBXFileReference; lastKnownFileType = text.plist.xml; path = Info.plist; sourceTree = "<group>"; };
		F1C088242238A92300CA9555 /* JapaneseCoursesTests.xctest */ = {isa = PBXFileReference; explicitFileType = wrapper.cfbundle; includeInIndex = 0; path = JapaneseCoursesTests.xctest; sourceTree = BUILT_PRODUCTS_DIR; };
		F1C088282238A92300CA9555 /* JapaneseCoursesTests.swift */ = {isa = PBXFileReference; lastKnownFileType = sourcecode.swift; path = JapaneseCoursesTests.swift; sourceTree = "<group>"; };
		F1C0882A2238A92300CA9555 /* Info.plist */ = {isa = PBXFileReference; lastKnownFileType = text.plist.xml; path = Info.plist; sourceTree = "<group>"; };
		F1C0882F2238A92300CA9555 /* JapaneseCoursesUITests.xctest */ = {isa = PBXFileReference; explicitFileType = wrapper.cfbundle; includeInIndex = 0; path = JapaneseCoursesUITests.xctest; sourceTree = BUILT_PRODUCTS_DIR; };
		F1C088332238A92300CA9555 /* JapaneseCoursesUITests.swift */ = {isa = PBXFileReference; lastKnownFileType = sourcecode.swift; path = JapaneseCoursesUITests.swift; sourceTree = "<group>"; };
		F1C088352238A92300CA9555 /* Info.plist */ = {isa = PBXFileReference; lastKnownFileType = text.plist.xml; path = Info.plist; sourceTree = "<group>"; };
		F1C0884F2239092A00CA9555 /* CourseModel.swift */ = {isa = PBXFileReference; lastKnownFileType = sourcecode.swift; path = CourseModel.swift; sourceTree = "<group>"; };
		F1CC586522422C080026616D /* Coordinator.swift */ = {isa = PBXFileReference; lastKnownFileType = sourcecode.swift; path = Coordinator.swift; sourceTree = "<group>"; };
		F1CC586722422F710026616D /* ApplicationCoordinator.swift */ = {isa = PBXFileReference; lastKnownFileType = sourcecode.swift; path = ApplicationCoordinator.swift; sourceTree = "<group>"; };
		F1CC5869224234BE0026616D /* CourseListCoordinator.swift */ = {isa = PBXFileReference; lastKnownFileType = sourcecode.swift; path = CourseListCoordinator.swift; sourceTree = "<group>"; };
		F1CC586B22423AF60026616D /* CourseListViewController.swift */ = {isa = PBXFileReference; fileEncoding = 4; lastKnownFileType = sourcecode.swift; path = CourseListViewController.swift; sourceTree = "<group>"; };
		F1CC586D22423DBD0026616D /* AlphabetListCoordinator.swift */ = {isa = PBXFileReference; lastKnownFileType = sourcecode.swift; path = AlphabetListCoordinator.swift; sourceTree = "<group>"; };
/* End PBXFileReference section */

/* Begin PBXFrameworksBuildPhase section */
		F1C0880D2238A92200CA9555 /* Frameworks */ = {
			isa = PBXFrameworksBuildPhase;
			buildActionMask = 2147483647;
			files = (
				0552178AA304AF4CE048E88D /* Pods_JapaneseCourses.framework in Frameworks */,
			);
			runOnlyForDeploymentPostprocessing = 0;
		};
		F1C088212238A92300CA9555 /* Frameworks */ = {
			isa = PBXFrameworksBuildPhase;
			buildActionMask = 2147483647;
			files = (
			);
			runOnlyForDeploymentPostprocessing = 0;
		};
		F1C0882C2238A92300CA9555 /* Frameworks */ = {
			isa = PBXFrameworksBuildPhase;
			buildActionMask = 2147483647;
			files = (
			);
			runOnlyForDeploymentPostprocessing = 0;
		};
/* End PBXFrameworksBuildPhase section */

/* Begin PBXGroup section */
		521A9655140A76D860977763 /* Pods */ = {
			isa = PBXGroup;
			children = (
				37012F9926CBBA95051394D8 /* Pods-JapaneseCourses.debug.xcconfig */,
				9FC92D53F49F9B3E86C94012 /* Pods-JapaneseCourses.release.xcconfig */,
			);
			name = Pods;
			sourceTree = "<group>";
		};
		94A8DCF6C0DF4E5D055DCB46 /* Frameworks */ = {
			isa = PBXGroup;
			children = (
				55662FC8F9FA0F509B8E8555 /* Pods_JapaneseCourses.framework */,
			);
			name = Frameworks;
			sourceTree = "<group>";
		};
		F1000C94223A4C4200778014 /* View Model */ = {
			isa = PBXGroup;
			children = (
				F1000C95223A4CD200778014 /* CourseViewModel.swift */,
				F106FE5D2240844100AF569A /* CourseViewControllerViewModel.swift */,
			);
			path = "View Model";
			sourceTree = "<group>";
		};
		F1000C97223B8C1C00778014 /* Json */ = {
			isa = PBXGroup;
			children = (
				F1000C9A223B8C6100778014 /* Katakana.json */,
				F1000C98223B8C5700778014 /* Hiragana.json */,
			);
			path = Json;
			sourceTree = "<group>";
		};
		F1000C9E223B949800778014 /* Alphabet */ = {
			isa = PBXGroup;
			children = (
				F1CC586D22423DBD0026616D /* AlphabetListCoordinator.swift */,
				F1000C9F223B94AB00778014 /* ViewController */,
				F1000CA0223B94B200778014 /* View Model */,
				F1000CA2223B95D300778014 /* Model */,
				F1000CAB223B9D7400778014 /* View */,
			);
			path = Alphabet;
			sourceTree = "<group>";
		};
		F1000C9F223B94AB00778014 /* ViewController */ = {
			isa = PBXGroup;
			children = (
				F1000CA7223B966A00778014 /* AlphabetListViewController.swift */,
			);
			path = ViewController;
			sourceTree = "<group>";
		};
		F1000CA0223B94B200778014 /* View Model */ = {
			isa = PBXGroup;
			children = (
				F11120DB2244D58800CCE1F3 /* AlphabetListViewControllerViewModel.swift */,
			);
			path = "View Model";
			sourceTree = "<group>";
		};
		F1000CA2223B95D300778014 /* Model */ = {
			isa = PBXGroup;
			children = (
				F1000CA9223B9C7C00778014 /* AlphabetModel.swift */,
			);
			path = Model;
			sourceTree = "<group>";
		};
		F1000CA3223B95E100778014 /* Main */ = {
			isa = PBXGroup;
			children = (
				F1CC5869224234BE0026616D /* CourseListCoordinator.swift */,
				F1000CA4223B95F100778014 /* ViewController */,
				F1000C94223A4C4200778014 /* View Model */,
				F1C0884E223908F600CA9555 /* Model */,
				F1000CA6223B962C00778014 /* View */,
			);
			path = Main;
			sourceTree = "<group>";
		};
		F1000CA4223B95F100778014 /* ViewController */ = {
			isa = PBXGroup;
			children = (
				F1CC586B22423AF60026616D /* CourseListViewController.swift */,
			);
			path = ViewController;
			sourceTree = "<group>";
		};
		F1000CA5223B960400778014 /* Resources */ = {
			isa = PBXGroup;
			children = (
				F1000C97223B8C1C00778014 /* Json */,
			);
			path = Resources;
			sourceTree = "<group>";
		};
		F1000CA6223B962C00778014 /* View */ = {
			isa = PBXGroup;
			children = (
				F1000C90223A3A0600778014 /* CourseTableViewCell.swift */,
				F1000C92223A3AEF00778014 /* CourseTableViewCell.xib */,
			);
			path = View;
			sourceTree = "<group>";
		};
		F1000CAB223B9D7400778014 /* View */ = {
			isa = PBXGroup;
			children = (
				F1000CAC223B9DAD00778014 /* AlphabetCollectionViewCell.swift */,
				F1000CAE223BA31700778014 /* AlphabetCollectionViewCell.xib */,
			);
			path = View;
			sourceTree = "<group>";
		};
		F106FE4E223F9A1200AF569A /* CrosswordPuzzle */ = {
			isa = PBXGroup;
			children = (
				F106FE4F223F9A4B00AF569A /* ViewController */,
				F106FE50223F9A5100AF569A /* View Model */,
				F106FE51223F9A5600AF569A /* Model */,
				F106FE52223F9A6000AF569A /* VIew */,
			);
			path = CrosswordPuzzle;
			sourceTree = "<group>";
		};
		F106FE4F223F9A4B00AF569A /* ViewController */ = {
			isa = PBXGroup;
			children = (
				F106FE53223F9A8300AF569A /* CrosswordPuzzleViewController.swift */,
			);
			path = ViewController;
			sourceTree = "<group>";
		};
		F106FE50223F9A5100AF569A /* View Model */ = {
			isa = PBXGroup;
			children = (
			);
			path = "View Model";
			sourceTree = "<group>";
		};
		F106FE51223F9A5600AF569A /* Model */ = {
			isa = PBXGroup;
			children = (
			);
			path = Model;
			sourceTree = "<group>";
		};
		F106FE52223F9A6000AF569A /* VIew */ = {
			isa = PBXGroup;
			children = (
				F106FE55223F9D1900AF569A /* CrosswordBlackCollectionViewCell.swift */,
				F106FE59223F9D7100AF569A /* CrosswordBlackCollectionViewCell.xib */,
				F106FE57223F9D6900AF569A /* CrosswordTextCollectionViewCell.swift */,
				F106FE5B223F9D8000AF569A /* CrosswordTextCollectionViewCell.xib */,
			);
			path = VIew;
			sourceTree = "<group>";
		};
		F11120D62244CF2100CCE1F3 /* Vocab */ = {
			isa = PBXGroup;
			children = (
				F11120D72244D43700CCE1F3 /* ViewController */,
				F11120D82244D44100CCE1F3 /* VIew Model */,
				F11120D92244D45500CCE1F3 /* Model */,
				F11120DA2244D45900CCE1F3 /* View */,
			);
			path = Vocab;
			sourceTree = "<group>";
		};
		F11120D72244D43700CCE1F3 /* ViewController */ = {
			isa = PBXGroup;
			children = (
				F11120DD2244DEC700CCE1F3 /* VocabListViewController.swift */,
			);
			path = ViewController;
			sourceTree = "<group>";
		};
		F11120D82244D44100CCE1F3 /* VIew Model */ = {
			isa = PBXGroup;
			children = (
				F11120DF2244DEDF00CCE1F3 /* VocabListViewControllerViewModel.swift */,
			);
			path = "VIew Model";
			sourceTree = "<group>";
		};
		F11120D92244D45500CCE1F3 /* Model */ = {
			isa = PBXGroup;
			children = (
				F11120E12244DEFE00CCE1F3 /* VocabModel.swift */,
			);
			path = Model;
			sourceTree = "<group>";
		};
		F11120DA2244D45900CCE1F3 /* View */ = {
			isa = PBXGroup;
			children = (
			);
			path = View;
			sourceTree = "<group>";
		};
		F1C088072238A92200CA9555 = {
			isa = PBXGroup;
			children = (
				F1C088122238A92200CA9555 /* JapaneseCourses */,
				F1C088272238A92300CA9555 /* JapaneseCoursesTests */,
				F1C088322238A92300CA9555 /* JapaneseCoursesUITests */,
				F1C088112238A92200CA9555 /* Products */,
				521A9655140A76D860977763 /* Pods */,
				94A8DCF6C0DF4E5D055DCB46 /* Frameworks */,
			);
			sourceTree = "<group>";
		};
		F1C088112238A92200CA9555 /* Products */ = {
			isa = PBXGroup;
			children = (
				F1C088102238A92200CA9555 /* JapaneseCourses.app */,
				F1C088242238A92300CA9555 /* JapaneseCoursesTests.xctest */,
				F1C0882F2238A92300CA9555 /* JapaneseCoursesUITests.xctest */,
			);
			name = Products;
			sourceTree = "<group>";
		};
		F1C088122238A92200CA9555 /* JapaneseCourses */ = {
			isa = PBXGroup;
			children = (
				F1C088132238A92200CA9555 /* AppDelegate.swift */,
				F1CC586722422F710026616D /* ApplicationCoordinator.swift */,
				F1CC586522422C080026616D /* Coordinator.swift */,
				F1000CA3223B95E100778014 /* Main */,
				F1000C9E223B949800778014 /* Alphabet */,
				F11120D62244CF2100CCE1F3 /* Vocab */,
				F106FE4E223F9A1200AF569A /* CrosswordPuzzle */,
				F1000CA5223B960400778014 /* Resources */,
				F1C088172238A92200CA9555 /* Main.storyboard */,
				F1C0881A2238A92300CA9555 /* Assets.xcassets */,
				F1C0881C2238A92300CA9555 /* LaunchScreen.storyboard */,
				F1C0881F2238A92300CA9555 /* Info.plist */,
			);
			path = JapaneseCourses;
			sourceTree = "<group>";
		};
		F1C088272238A92300CA9555 /* JapaneseCoursesTests */ = {
			isa = PBXGroup;
			children = (
				F1C088282238A92300CA9555 /* JapaneseCoursesTests.swift */,
				F1C0882A2238A92300CA9555 /* Info.plist */,
			);
			path = JapaneseCoursesTests;
			sourceTree = "<group>";
		};
		F1C088322238A92300CA9555 /* JapaneseCoursesUITests */ = {
			isa = PBXGroup;
			children = (
				F1C088332238A92300CA9555 /* JapaneseCoursesUITests.swift */,
				F1C088352238A92300CA9555 /* Info.plist */,
			);
			path = JapaneseCoursesUITests;
			sourceTree = "<group>";
		};
		F1C0884E223908F600CA9555 /* Model */ = {
			isa = PBXGroup;
			children = (
				F1C0884F2239092A00CA9555 /* CourseModel.swift */,
			);
			path = Model;
			sourceTree = "<group>";
		};
/* End PBXGroup section */

/* Begin PBXNativeTarget section */
		F1C0880F2238A92200CA9555 /* JapaneseCourses */ = {
			isa = PBXNativeTarget;
			buildConfigurationList = F1C088382238A92300CA9555 /* Build configuration list for PBXNativeTarget "JapaneseCourses" */;
			buildPhases = (
				CEA80B89C5FC553EE00DC9CF /* [CP] Check Pods Manifest.lock */,
				F1C0880C2238A92200CA9555 /* Sources */,
				F1C0880D2238A92200CA9555 /* Frameworks */,
				F1C0880E2238A92200CA9555 /* Resources */,
				D473403A4B029C6913B6DCAB /* [CP] Embed Pods Frameworks */,
			);
			buildRules = (
			);
			dependencies = (
			);
			name = JapaneseCourses;
			productName = JapaneseCourses;
			productReference = F1C088102238A92200CA9555 /* JapaneseCourses.app */;
			productType = "com.apple.product-type.application";
		};
		F1C088232238A92300CA9555 /* JapaneseCoursesTests */ = {
			isa = PBXNativeTarget;
			buildConfigurationList = F1C0883B2238A92300CA9555 /* Build configuration list for PBXNativeTarget "JapaneseCoursesTests" */;
			buildPhases = (
				F1C088202238A92300CA9555 /* Sources */,
				F1C088212238A92300CA9555 /* Frameworks */,
				F1C088222238A92300CA9555 /* Resources */,
			);
			buildRules = (
			);
			dependencies = (
				F1C088262238A92300CA9555 /* PBXTargetDependency */,
			);
			name = JapaneseCoursesTests;
			productName = JapaneseCoursesTests;
			productReference = F1C088242238A92300CA9555 /* JapaneseCoursesTests.xctest */;
			productType = "com.apple.product-type.bundle.unit-test";
		};
		F1C0882E2238A92300CA9555 /* JapaneseCoursesUITests */ = {
			isa = PBXNativeTarget;
			buildConfigurationList = F1C0883E2238A92300CA9555 /* Build configuration list for PBXNativeTarget "JapaneseCoursesUITests" */;
			buildPhases = (
				F1C0882B2238A92300CA9555 /* Sources */,
				F1C0882C2238A92300CA9555 /* Frameworks */,
				F1C0882D2238A92300CA9555 /* Resources */,
			);
			buildRules = (
			);
			dependencies = (
				F1C088312238A92300CA9555 /* PBXTargetDependency */,
			);
			name = JapaneseCoursesUITests;
			productName = JapaneseCoursesUITests;
			productReference = F1C0882F2238A92300CA9555 /* JapaneseCoursesUITests.xctest */;
			productType = "com.apple.product-type.bundle.ui-testing";
		};
/* End PBXNativeTarget section */

/* Begin PBXProject section */
		F1C088082238A92200CA9555 /* Project object */ = {
			isa = PBXProject;
			attributes = {
				LastSwiftUpdateCheck = 1010;
				LastUpgradeCheck = 1010;
				ORGANIZATIONNAME = "Low Wai Hong";
				TargetAttributes = {
					F1C0880F2238A92200CA9555 = {
						CreatedOnToolsVersion = 10.1;
					};
					F1C088232238A92300CA9555 = {
						CreatedOnToolsVersion = 10.1;
						TestTargetID = F1C0880F2238A92200CA9555;
					};
					F1C0882E2238A92300CA9555 = {
						CreatedOnToolsVersion = 10.1;
						TestTargetID = F1C0880F2238A92200CA9555;
					};
				};
			};
			buildConfigurationList = F1C0880B2238A92200CA9555 /* Build configuration list for PBXProject "JapaneseCourses" */;
			compatibilityVersion = "Xcode 9.3";
			developmentRegion = en;
			hasScannedForEncodings = 0;
			knownRegions = (
				en,
				Base,
			);
			mainGroup = F1C088072238A92200CA9555;
			productRefGroup = F1C088112238A92200CA9555 /* Products */;
			projectDirPath = "";
			projectRoot = "";
			targets = (
				F1C0880F2238A92200CA9555 /* JapaneseCourses */,
				F1C088232238A92300CA9555 /* JapaneseCoursesTests */,
				F1C0882E2238A92300CA9555 /* JapaneseCoursesUITests */,
			);
		};
/* End PBXProject section */

/* Begin PBXResourcesBuildPhase section */
		F1C0880E2238A92200CA9555 /* Resources */ = {
			isa = PBXResourcesBuildPhase;
			buildActionMask = 2147483647;
			files = (
				F106FE5C223F9D8000AF569A /* CrosswordTextCollectionViewCell.xib in Resources */,
				F1000C93223A3AEF00778014 /* CourseTableViewCell.xib in Resources */,
				F1000CAF223BA31700778014 /* AlphabetCollectionViewCell.xib in Resources */,
				F1000C9B223B8C6100778014 /* Katakana.json in Resources */,
				F1000C99223B8C5800778014 /* Hiragana.json in Resources */,
				F1C0881E2238A92300CA9555 /* LaunchScreen.storyboard in Resources */,
				F1C0881B2238A92300CA9555 /* Assets.xcassets in Resources */,
				F1C088192238A92200CA9555 /* Main.storyboard in Resources */,
				F106FE5A223F9D7100AF569A /* CrosswordBlackCollectionViewCell.xib in Resources */,
			);
			runOnlyForDeploymentPostprocessing = 0;
		};
		F1C088222238A92300CA9555 /* Resources */ = {
			isa = PBXResourcesBuildPhase;
			buildActionMask = 2147483647;
			files = (
			);
			runOnlyForDeploymentPostprocessing = 0;
		};
		F1C0882D2238A92300CA9555 /* Resources */ = {
			isa = PBXResourcesBuildPhase;
			buildActionMask = 2147483647;
			files = (
			);
			runOnlyForDeploymentPostprocessing = 0;
		};
/* End PBXResourcesBuildPhase section */

/* Begin PBXShellScriptBuildPhase section */
		CEA80B89C5FC553EE00DC9CF /* [CP] Check Pods Manifest.lock */ = {
			isa = PBXShellScriptBuildPhase;
			buildActionMask = 2147483647;
			files = (
			);
			inputFileListPaths = (
			);
			inputPaths = (
				"${PODS_PODFILE_DIR_PATH}/Podfile.lock",
				"${PODS_ROOT}/Manifest.lock",
			);
			name = "[CP] Check Pods Manifest.lock";
			outputFileListPaths = (
			);
			outputPaths = (
				"$(DERIVED_FILE_DIR)/Pods-JapaneseCourses-checkManifestLockResult.txt",
			);
			runOnlyForDeploymentPostprocessing = 0;
			shellPath = /bin/sh;
			shellScript = "diff \"${PODS_PODFILE_DIR_PATH}/Podfile.lock\" \"${PODS_ROOT}/Manifest.lock\" > /dev/null\nif [ $? != 0 ] ; then\n    # print error to STDERR\n    echo \"error: The sandbox is not in sync with the Podfile.lock. Run 'pod install' or update your CocoaPods installation.\" >&2\n    exit 1\nfi\n# This output is used by Xcode 'outputs' to avoid re-running this script phase.\necho \"SUCCESS\" > \"${SCRIPT_OUTPUT_FILE_0}\"\n";
			showEnvVarsInLog = 0;
		};
		D473403A4B029C6913B6DCAB /* [CP] Embed Pods Frameworks */ = {
			isa = PBXShellScriptBuildPhase;
			buildActionMask = 2147483647;
			files = (
			);
			inputFileListPaths = (
			);
			inputPaths = (
				"${SRCROOT}/Pods/Target Support Files/Pods-JapaneseCourses/Pods-JapaneseCourses-frameworks.sh",
				"${BUILT_PRODUCTS_DIR}/CrosswordsGenerator/CrosswordsGenerator.framework",
				"${BUILT_PRODUCTS_DIR}/RxAtomic/RxAtomic.framework",
				"${BUILT_PRODUCTS_DIR}/RxCocoa/RxCocoa.framework",
				"${BUILT_PRODUCTS_DIR}/RxSwift/RxSwift.framework",
				"${BUILT_PRODUCTS_DIR}/SnapKit/SnapKit.framework",
			);
			name = "[CP] Embed Pods Frameworks";
			outputFileListPaths = (
			);
			outputPaths = (
				"${TARGET_BUILD_DIR}/${FRAMEWORKS_FOLDER_PATH}/CrosswordsGenerator.framework",
				"${TARGET_BUILD_DIR}/${FRAMEWORKS_FOLDER_PATH}/RxAtomic.framework",
				"${TARGET_BUILD_DIR}/${FRAMEWORKS_FOLDER_PATH}/RxCocoa.framework",
				"${TARGET_BUILD_DIR}/${FRAMEWORKS_FOLDER_PATH}/RxSwift.framework",
				"${TARGET_BUILD_DIR}/${FRAMEWORKS_FOLDER_PATH}/SnapKit.framework",
			);
			runOnlyForDeploymentPostprocessing = 0;
			shellPath = /bin/sh;
			shellScript = "\"${SRCROOT}/Pods/Target Support Files/Pods-JapaneseCourses/Pods-JapaneseCourses-frameworks.sh\"\n";
			showEnvVarsInLog = 0;
		};
/* End PBXShellScriptBuildPhase section */

/* Begin PBXSourcesBuildPhase section */
		F1C0880C2238A92200CA9555 /* Sources */ = {
			isa = PBXSourcesBuildPhase;
			buildActionMask = 2147483647;
			files = (
				F1000C91223A3A0600778014 /* CourseTableViewCell.swift in Sources */,
				F1000CAA223B9C7C00778014 /* AlphabetModel.swift in Sources */,
				F1CC586622422C090026616D /* Coordinator.swift in Sources */,
				F1CC586E22423DBD0026616D /* AlphabetListCoordinator.swift in Sources */,
				F11120DE2244DEC700CCE1F3 /* VocabListViewController.swift in Sources */,
				F1000CAD223B9DAD00778014 /* AlphabetCollectionViewCell.swift in Sources */,
				F1000CA8223B966A00778014 /* AlphabetListViewController.swift in Sources */,
				F106FE58223F9D6900AF569A /* CrosswordTextCollectionViewCell.swift in Sources */,
				F106FE5E2240844100AF569A /* CourseViewControllerViewModel.swift in Sources */,
				F1000C96223A4CD200778014 /* CourseViewModel.swift in Sources */,
				F1CC586A224234BE0026616D /* CourseListCoordinator.swift in Sources */,
				F106FE54223F9A8300AF569A /* CrosswordPuzzleViewController.swift in Sources */,
				F106FE56223F9D1900AF569A /* CrosswordBlackCollectionViewCell.swift in Sources */,
				F11120E02244DEDF00CCE1F3 /* VocabListViewControllerViewModel.swift in Sources */,
				F11120DC2244D58800CCE1F3 /* AlphabetListViewControllerViewModel.swift in Sources */,
				F11120E22244DEFE00CCE1F3 /* VocabModel.swift in Sources */,
				F1CC586C22423AF60026616D /* CourseListViewController.swift in Sources */,
				F1C088142238A92200CA9555 /* AppDelegate.swift in Sources */,
				F1C088502239092A00CA9555 /* CourseModel.swift in Sources */,
				F1CC586822422F710026616D /* ApplicationCoordinator.swift in Sources */,
			);
			runOnlyForDeploymentPostprocessing = 0;
		};
		F1C088202238A92300CA9555 /* Sources */ = {
			isa = PBXSourcesBuildPhase;
			buildActionMask = 2147483647;
			files = (
				F1C088292238A92300CA9555 /* JapaneseCoursesTests.swift in Sources */,
			);
			runOnlyForDeploymentPostprocessing = 0;
		};
		F1C0882B2238A92300CA9555 /* Sources */ = {
			isa = PBXSourcesBuildPhase;
			buildActionMask = 2147483647;
			files = (
				F1C088342238A92300CA9555 /* JapaneseCoursesUITests.swift in Sources */,
			);
			runOnlyForDeploymentPostprocessing = 0;
		};
/* End PBXSourcesBuildPhase section */

/* Begin PBXTargetDependency section */
		F1C088262238A92300CA9555 /* PBXTargetDependency */ = {
			isa = PBXTargetDependency;
			target = F1C0880F2238A92200CA9555 /* JapaneseCourses */;
			targetProxy = F1C088252238A92300CA9555 /* PBXContainerItemProxy */;
		};
		F1C088312238A92300CA9555 /* PBXTargetDependency */ = {
			isa = PBXTargetDependency;
			target = F1C0880F2238A92200CA9555 /* JapaneseCourses */;
			targetProxy = F1C088302238A92300CA9555 /* PBXContainerItemProxy */;
		};
/* End PBXTargetDependency section */

/* Begin PBXVariantGroup section */
		F1C088172238A92200CA9555 /* Main.storyboard */ = {
			isa = PBXVariantGroup;
			children = (
				F1C088182238A92200CA9555 /* Base */,
			);
			name = Main.storyboard;
			sourceTree = "<group>";
		};
		F1C0881C2238A92300CA9555 /* LaunchScreen.storyboard */ = {
			isa = PBXVariantGroup;
			children = (
				F1C0881D2238A92300CA9555 /* Base */,
			);
			name = LaunchScreen.storyboard;
			sourceTree = "<group>";
		};
/* End PBXVariantGroup section */

/* Begin XCBuildConfiguration section */
		F1C088362238A92300CA9555 /* Debug */ = {
			isa = XCBuildConfiguration;
			buildSettings = {
				ALWAYS_SEARCH_USER_PATHS = NO;
				CLANG_ANALYZER_NONNULL = YES;
				CLANG_ANALYZER_NUMBER_OBJECT_CONVERSION = YES_AGGRESSIVE;
				CLANG_CXX_LANGUAGE_STANDARD = "gnu++14";
				CLANG_CXX_LIBRARY = "libc++";
				CLANG_ENABLE_MODULES = YES;
				CLANG_ENABLE_OBJC_ARC = YES;
				CLANG_ENABLE_OBJC_WEAK = YES;
				CLANG_WARN_BLOCK_CAPTURE_AUTORELEASING = YES;
				CLANG_WARN_BOOL_CONVERSION = YES;
				CLANG_WARN_COMMA = YES;
				CLANG_WARN_CONSTANT_CONVERSION = YES;
				CLANG_WARN_DEPRECATED_OBJC_IMPLEMENTATIONS = YES;
				CLANG_WARN_DIRECT_OBJC_ISA_USAGE = YES_ERROR;
				CLANG_WARN_DOCUMENTATION_COMMENTS = YES;
				CLANG_WARN_EMPTY_BODY = YES;
				CLANG_WARN_ENUM_CONVERSION = YES;
				CLANG_WARN_INFINITE_RECURSION = YES;
				CLANG_WARN_INT_CONVERSION = YES;
				CLANG_WARN_NON_LITERAL_NULL_CONVERSION = YES;
				CLANG_WARN_OBJC_IMPLICIT_RETAIN_SELF = YES;
				CLANG_WARN_OBJC_LITERAL_CONVERSION = YES;
				CLANG_WARN_OBJC_ROOT_CLASS = YES_ERROR;
				CLANG_WARN_RANGE_LOOP_ANALYSIS = YES;
				CLANG_WARN_STRICT_PROTOTYPES = YES;
				CLANG_WARN_SUSPICIOUS_MOVE = YES;
				CLANG_WARN_UNGUARDED_AVAILABILITY = YES_AGGRESSIVE;
				CLANG_WARN_UNREACHABLE_CODE = YES;
				CLANG_WARN__DUPLICATE_METHOD_MATCH = YES;
				CODE_SIGN_IDENTITY = "iPhone Developer";
				COPY_PHASE_STRIP = NO;
				DEBUG_INFORMATION_FORMAT = dwarf;
				ENABLE_STRICT_OBJC_MSGSEND = YES;
				ENABLE_TESTABILITY = YES;
				GCC_C_LANGUAGE_STANDARD = gnu11;
				GCC_DYNAMIC_NO_PIC = NO;
				GCC_NO_COMMON_BLOCKS = YES;
				GCC_OPTIMIZATION_LEVEL = 0;
				GCC_PREPROCESSOR_DEFINITIONS = (
					"DEBUG=1",
					"$(inherited)",
				);
				GCC_WARN_64_TO_32_BIT_CONVERSION = YES;
				GCC_WARN_ABOUT_RETURN_TYPE = YES_ERROR;
				GCC_WARN_UNDECLARED_SELECTOR = YES;
				GCC_WARN_UNINITIALIZED_AUTOS = YES_AGGRESSIVE;
				GCC_WARN_UNUSED_FUNCTION = YES;
				GCC_WARN_UNUSED_VARIABLE = YES;
				IPHONEOS_DEPLOYMENT_TARGET = 12.1;
				MTL_ENABLE_DEBUG_INFO = INCLUDE_SOURCE;
				MTL_FAST_MATH = YES;
				ONLY_ACTIVE_ARCH = YES;
				SDKROOT = iphoneos;
				SWIFT_ACTIVE_COMPILATION_CONDITIONS = DEBUG;
				SWIFT_OPTIMIZATION_LEVEL = "-Onone";
			};
			name = Debug;
		};
		F1C088372238A92300CA9555 /* Release */ = {
			isa = XCBuildConfiguration;
			buildSettings = {
				ALWAYS_SEARCH_USER_PATHS = NO;
				CLANG_ANALYZER_NONNULL = YES;
				CLANG_ANALYZER_NUMBER_OBJECT_CONVERSION = YES_AGGRESSIVE;
				CLANG_CXX_LANGUAGE_STANDARD = "gnu++14";
				CLANG_CXX_LIBRARY = "libc++";
				CLANG_ENABLE_MODULES = YES;
				CLANG_ENABLE_OBJC_ARC = YES;
				CLANG_ENABLE_OBJC_WEAK = YES;
				CLANG_WARN_BLOCK_CAPTURE_AUTORELEASING = YES;
				CLANG_WARN_BOOL_CONVERSION = YES;
				CLANG_WARN_COMMA = YES;
				CLANG_WARN_CONSTANT_CONVERSION = YES;
				CLANG_WARN_DEPRECATED_OBJC_IMPLEMENTATIONS = YES;
				CLANG_WARN_DIRECT_OBJC_ISA_USAGE = YES_ERROR;
				CLANG_WARN_DOCUMENTATION_COMMENTS = YES;
				CLANG_WARN_EMPTY_BODY = YES;
				CLANG_WARN_ENUM_CONVERSION = YES;
				CLANG_WARN_INFINITE_RECURSION = YES;
				CLANG_WARN_INT_CONVERSION = YES;
				CLANG_WARN_NON_LITERAL_NULL_CONVERSION = YES;
				CLANG_WARN_OBJC_IMPLICIT_RETAIN_SELF = YES;
				CLANG_WARN_OBJC_LITERAL_CONVERSION = YES;
				CLANG_WARN_OBJC_ROOT_CLASS = YES_ERROR;
				CLANG_WARN_RANGE_LOOP_ANALYSIS = YES;
				CLANG_WARN_STRICT_PROTOTYPES = YES;
				CLANG_WARN_SUSPICIOUS_MOVE = YES;
				CLANG_WARN_UNGUARDED_AVAILABILITY = YES_AGGRESSIVE;
				CLANG_WARN_UNREACHABLE_CODE = YES;
				CLANG_WARN__DUPLICATE_METHOD_MATCH = YES;
				CODE_SIGN_IDENTITY = "iPhone Developer";
				COPY_PHASE_STRIP = NO;
				DEBUG_INFORMATION_FORMAT = "dwarf-with-dsym";
				ENABLE_NS_ASSERTIONS = NO;
				ENABLE_STRICT_OBJC_MSGSEND = YES;
				GCC_C_LANGUAGE_STANDARD = gnu11;
				GCC_NO_COMMON_BLOCKS = YES;
				GCC_WARN_64_TO_32_BIT_CONVERSION = YES;
				GCC_WARN_ABOUT_RETURN_TYPE = YES_ERROR;
				GCC_WARN_UNDECLARED_SELECTOR = YES;
				GCC_WARN_UNINITIALIZED_AUTOS = YES_AGGRESSIVE;
				GCC_WARN_UNUSED_FUNCTION = YES;
				GCC_WARN_UNUSED_VARIABLE = YES;
				IPHONEOS_DEPLOYMENT_TARGET = 12.1;
				MTL_ENABLE_DEBUG_INFO = NO;
				MTL_FAST_MATH = YES;
				SDKROOT = iphoneos;
				SWIFT_COMPILATION_MODE = wholemodule;
				SWIFT_OPTIMIZATION_LEVEL = "-O";
				VALIDATE_PRODUCT = YES;
			};
			name = Release;
		};
		F1C088392238A92300CA9555 /* Debug */ = {
			isa = XCBuildConfiguration;
			baseConfigurationReference = 37012F9926CBBA95051394D8 /* Pods-JapaneseCourses.debug.xcconfig */;
			buildSettings = {
				ASSETCATALOG_COMPILER_APPICON_NAME = AppIcon;
				CODE_SIGN_STYLE = Automatic;
				INFOPLIST_FILE = JapaneseCourses/Info.plist;
				LD_RUNPATH_SEARCH_PATHS = (
					"$(inherited)",
					"@executable_path/Frameworks",
				);
				PRODUCT_BUNDLE_IDENTIFIER = wh.JapaneseCourses;
				PRODUCT_NAME = "$(TARGET_NAME)";
				SWIFT_VERSION = 4.2;
				TARGETED_DEVICE_FAMILY = "1,2";
			};
			name = Debug;
		};
		F1C0883A2238A92300CA9555 /* Release */ = {
			isa = XCBuildConfiguration;
			baseConfigurationReference = 9FC92D53F49F9B3E86C94012 /* Pods-JapaneseCourses.release.xcconfig */;
			buildSettings = {
				ASSETCATALOG_COMPILER_APPICON_NAME = AppIcon;
				CODE_SIGN_STYLE = Automatic;
				INFOPLIST_FILE = JapaneseCourses/Info.plist;
				LD_RUNPATH_SEARCH_PATHS = (
					"$(inherited)",
					"@executable_path/Frameworks",
				);
				PRODUCT_BUNDLE_IDENTIFIER = wh.JapaneseCourses;
				PRODUCT_NAME = "$(TARGET_NAME)";
				SWIFT_VERSION = 4.2;
				TARGETED_DEVICE_FAMILY = "1,2";
			};
			name = Release;
		};
		F1C0883C2238A92300CA9555 /* Debug */ = {
			isa = XCBuildConfiguration;
			buildSettings = {
				ALWAYS_EMBED_SWIFT_STANDARD_LIBRARIES = YES;
				BUNDLE_LOADER = "$(TEST_HOST)";
				CODE_SIGN_STYLE = Automatic;
				INFOPLIST_FILE = JapaneseCoursesTests/Info.plist;
				LD_RUNPATH_SEARCH_PATHS = (
					"$(inherited)",
					"@executable_path/Frameworks",
					"@loader_path/Frameworks",
				);
				PRODUCT_BUNDLE_IDENTIFIER = wh.JapaneseCoursesTests;
				PRODUCT_NAME = "$(TARGET_NAME)";
				SWIFT_VERSION = 4.2;
				TARGETED_DEVICE_FAMILY = "1,2";
				TEST_HOST = "$(BUILT_PRODUCTS_DIR)/JapaneseCourses.app/JapaneseCourses";
			};
			name = Debug;
		};
		F1C0883D2238A92300CA9555 /* Release */ = {
			isa = XCBuildConfiguration;
			buildSettings = {
				ALWAYS_EMBED_SWIFT_STANDARD_LIBRARIES = YES;
				BUNDLE_LOADER = "$(TEST_HOST)";
				CODE_SIGN_STYLE = Automatic;
				INFOPLIST_FILE = JapaneseCoursesTests/Info.plist;
				LD_RUNPATH_SEARCH_PATHS = (
					"$(inherited)",
					"@executable_path/Frameworks",
					"@loader_path/Frameworks",
				);
				PRODUCT_BUNDLE_IDENTIFIER = wh.JapaneseCoursesTests;
				PRODUCT_NAME = "$(TARGET_NAME)";
				SWIFT_VERSION = 4.2;
				TARGETED_DEVICE_FAMILY = "1,2";
				TEST_HOST = "$(BUILT_PRODUCTS_DIR)/JapaneseCourses.app/JapaneseCourses";
			};
			name = Release;
		};
		F1C0883F2238A92300CA9555 /* Debug */ = {
			isa = XCBuildConfiguration;
			buildSettings = {
				ALWAYS_EMBED_SWIFT_STANDARD_LIBRARIES = YES;
				CODE_SIGN_STYLE = Automatic;
				INFOPLIST_FILE = JapaneseCoursesUITests/Info.plist;
				LD_RUNPATH_SEARCH_PATHS = (
					"$(inherited)",
					"@executable_path/Frameworks",
					"@loader_path/Frameworks",
				);
				PRODUCT_BUNDLE_IDENTIFIER = wh.JapaneseCoursesUITests;
				PRODUCT_NAME = "$(TARGET_NAME)";
				SWIFT_VERSION = 4.2;
				TARGETED_DEVICE_FAMILY = "1,2";
				TEST_TARGET_NAME = JapaneseCourses;
			};
			name = Debug;
		};
		F1C088402238A92300CA9555 /* Release */ = {
			isa = XCBuildConfiguration;
			buildSettings = {
				ALWAYS_EMBED_SWIFT_STANDARD_LIBRARIES = YES;
				CODE_SIGN_STYLE = Automatic;
				INFOPLIST_FILE = JapaneseCoursesUITests/Info.plist;
				LD_RUNPATH_SEARCH_PATHS = (
					"$(inherited)",
					"@executable_path/Frameworks",
					"@loader_path/Frameworks",
				);
				PRODUCT_BUNDLE_IDENTIFIER = wh.JapaneseCoursesUITests;
				PRODUCT_NAME = "$(TARGET_NAME)";
				SWIFT_VERSION = 4.2;
				TARGETED_DEVICE_FAMILY = "1,2";
				TEST_TARGET_NAME = JapaneseCourses;
			};
			name = Release;
		};
/* End XCBuildConfiguration section */

/* Begin XCConfigurationList section */
		F1C0880B2238A92200CA9555 /* Build configuration list for PBXProject "JapaneseCourses" */ = {
			isa = XCConfigurationList;
			buildConfigurations = (
				F1C088362238A92300CA9555 /* Debug */,
				F1C088372238A92300CA9555 /* Release */,
			);
			defaultConfigurationIsVisible = 0;
			defaultConfigurationName = Release;
		};
		F1C088382238A92300CA9555 /* Build configuration list for PBXNativeTarget "JapaneseCourses" */ = {
			isa = XCConfigurationList;
			buildConfigurations = (
				F1C088392238A92300CA9555 /* Debug */,
				F1C0883A2238A92300CA9555 /* Release */,
			);
			defaultConfigurationIsVisible = 0;
			defaultConfigurationName = Release;
		};
		F1C0883B2238A92300CA9555 /* Build configuration list for PBXNativeTarget "JapaneseCoursesTests" */ = {
			isa = XCConfigurationList;
			buildConfigurations = (
				F1C0883C2238A92300CA9555 /* Debug */,
				F1C0883D2238A92300CA9555 /* Release */,
			);
			defaultConfigurationIsVisible = 0;
			defaultConfigurationName = Release;
		};
		F1C0883E2238A92300CA9555 /* Build configuration list for PBXNativeTarget "JapaneseCoursesUITests" */ = {
			isa = XCConfigurationList;
			buildConfigurations = (
				F1C0883F2238A92300CA9555 /* Debug */,
				F1C088402238A92300CA9555 /* Release */,
			);
			defaultConfigurationIsVisible = 0;
			defaultConfigurationName = Release;
		};
/* End XCConfigurationList section */
	};
	rootObject = F1C088082238A92200CA9555 /* Project object */;
}
